
Microsoft Visual Studio Solution File, Format Version 12.00
# Visual Studio Version 17
VisualStudioVersion = 17.4.33110.190
MinimumVisualStudioVersion = 10.0.40219.1
Project("{FAE04EC0-301F-11D3-BF4B-00C04F79EFBC}") = "azureproje", "azureproje.csproj", "{34A23324-6BD2-4D99-B8BC-49F919DAE072}"
EndProject
Global
	GlobalSection(SolutionConfigurationPlatforms) = preSolution
		Debug|Any CPU = Debug|Any CPU
		Release|Any CPU = Release|Any CPU
	EndGlobalSection
	GlobalSection(ProjectConfigurationPlatforms) = postSolution
		{34A23324-6BD2-4D99-B8BC-49F919DAE072}.Debug|Any CPU.ActiveCfg = Debug|Any CPU
		{34A23324-6BD2-4D99-B8BC-49F919DAE072}.Debug|Any CPU.Build.0 = Debug|Any CPU
		{34A23324-6BD2-4D99-B8BC-49F919DAE072}.Release|Any CPU.ActiveCfg = Release|Any CPU
		{34A23324-6BD2-4D99-B8BC-49F919DAE072}.Release|Any CPU.Build.0 = Release|Any CPU
	EndGlobalSection
	GlobalSection(SolutionProperties) = preSolution
		HideSolutionNode = FALSE
	EndGlobalSection
	GlobalSection(ExtensibilityGlobals) = postSolution
		SolutionGuid = {3CF7741C-1FDA-4786-A2ED-5B07486FA070}
	EndGlobalSection
EndGlobal
